
Microsoft Visual Studio Solution File, Format Version 12.00
# Visual Studio Version 17
VisualStudioVersion = 17.0.31912.275
MinimumVisualStudioVersion = 10.0.40219.1
Project("{9A19103F-16F7-4668-BE54-9A1E7A4F7556}") = "Impulse.Dashboard", "Impulse.Framework\Impulse.Dashboard\Impulse.Dashboard.csproj", "{F3F3E6FA-59BC-4DB9-B389-E463DC080571}"
EndProject
Project("{9A19103F-16F7-4668-BE54-9A1E7A4F7556}") = "Impulse.Shared", "Impulse.Framework\Impulse.Shared\Impulse.Shared.csproj", "{72145636-237F-4FBB-8D6D-1FE3FF9A9FE6}"
EndProject
Project("{9A19103F-16F7-4668-BE54-9A1E7A4F7556}") = "Impulse.SharedFramework", "Impulse.Framework\Impulse.SharedFramework\Impulse.SharedFramework.csproj", "{C5A02201-1C87-4304-BB0B-E5FB3A92B529}"
EndProject
Project("{930C7802-8A8C-48F9-8165-68863BCCD9DD}") = "Impulse.Installer", "Impulse.Framework\Impulse.Installer\Impulse.Installer.wixproj", "{C61655B3-7A56-483D-8B73-432C55312E96}"
EndProject
Project("{2150E333-8FDC-42A3-9474-1A3956D46DE8}") = "Impulse.Framework", "Impulse.Framework", "{18C25CB3-5FBF-4D9A-8DB2-A7C5B1EB2350}"
EndProject
Project("{2150E333-8FDC-42A3-9474-1A3956D46DE8}") = "Impulse.Installer", "Impulse.Installer", "{03CD0B81-6CFC-4589-8A6C-82A1F2133F75}"
EndProject
Project("{2150E333-8FDC-42A3-9474-1A3956D46DE8}") = "Impulse.Test", "Impulse.Test", "{5C7CF857-40A2-4381-9862-259AA42F3314}"
EndProject
Project("{2150E333-8FDC-42A3-9474-1A3956D46DE8}") = "Supporting", "Supporting", "{0880FC4F-7660-4A67-887F-E9F399CBB2FC}"
EndProject
Project("{9A19103F-16F7-4668-BE54-9A1E7A4F7556}") = "Impulse.Shared.UI", "Impulse.Shared.UI\Impulse.Shared.UI.csproj", "{1EA96211-278F-4218-83AF-9035926FADCE}"
EndProject
Project("{9A19103F-16F7-4668-BE54-9A1E7A4F7556}") = "Impulse.Tests", "Impulse.Tests\Impulse.Tests.csproj", "{F3F47E1D-E2F7-4426-A55E-8F071717BE97}"
EndProject
Project("{FAE04EC0-301F-11D3-BF4B-00C04F79EFBC}") = "Impulse.ErrorReporting", "Impulse.ErrorReporting\Impulse.ErrorReporting.csproj", "{1E8C0E23-069D-4ADA-A51A-5EE37C37DE20}"
EndProject
Global
	GlobalSection(SolutionConfigurationPlatforms) = preSolution
		Debug|Any CPU = Debug|Any CPU
		Debug|x64 = Debug|x64
		Release|Any CPU = Release|Any CPU
		Release|x64 = Release|x64
	EndGlobalSection
	GlobalSection(ProjectConfigurationPlatforms) = postSolution
		{F3F3E6FA-59BC-4DB9-B389-E463DC080571}.Debug|Any CPU.ActiveCfg = Debug|Any CPU
		{F3F3E6FA-59BC-4DB9-B389-E463DC080571}.Debug|Any CPU.Build.0 = Debug|Any CPU
		{F3F3E6FA-59BC-4DB9-B389-E463DC080571}.Debug|x64.ActiveCfg = Debug|Any CPU
		{F3F3E6FA-59BC-4DB9-B389-E463DC080571}.Debug|x64.Build.0 = Debug|Any CPU
		{F3F3E6FA-59BC-4DB9-B389-E463DC080571}.Release|Any CPU.ActiveCfg = Release|Any CPU
		{F3F3E6FA-59BC-4DB9-B389-E463DC080571}.Release|Any CPU.Build.0 = Release|Any CPU
		{F3F3E6FA-59BC-4DB9-B389-E463DC080571}.Release|x64.ActiveCfg = Release|Any CPU
		{F3F3E6FA-59BC-4DB9-B389-E463DC080571}.Release|x64.Build.0 = Release|Any CPU
		{72145636-237F-4FBB-8D6D-1FE3FF9A9FE6}.Debug|Any CPU.ActiveCfg = Debug|Any CPU
		{72145636-237F-4FBB-8D6D-1FE3FF9A9FE6}.Debug|Any CPU.Build.0 = Debug|Any CPU
		{72145636-237F-4FBB-8D6D-1FE3FF9A9FE6}.Debug|x64.ActiveCfg = Debug|Any CPU
		{72145636-237F-4FBB-8D6D-1FE3FF9A9FE6}.Debug|x64.Build.0 = Debug|Any CPU
		{72145636-237F-4FBB-8D6D-1FE3FF9A9FE6}.Release|Any CPU.ActiveCfg = Release|Any CPU
		{72145636-237F-4FBB-8D6D-1FE3FF9A9FE6}.Release|Any CPU.Build.0 = Release|Any CPU
		{72145636-237F-4FBB-8D6D-1FE3FF9A9FE6}.Release|x64.ActiveCfg = Release|Any CPU
		{72145636-237F-4FBB-8D6D-1FE3FF9A9FE6}.Release|x64.Build.0 = Release|Any CPU
		{C5A02201-1C87-4304-BB0B-E5FB3A92B529}.Debug|Any CPU.ActiveCfg = Debug|Any CPU
		{C5A02201-1C87-4304-BB0B-E5FB3A92B529}.Debug|Any CPU.Build.0 = Debug|Any CPU
		{C5A02201-1C87-4304-BB0B-E5FB3A92B529}.Debug|x64.ActiveCfg = Debug|Any CPU
		{C5A02201-1C87-4304-BB0B-E5FB3A92B529}.Debug|x64.Build.0 = Debug|Any CPU
		{C5A02201-1C87-4304-BB0B-E5FB3A92B529}.Release|Any CPU.ActiveCfg = Release|Any CPU
		{C5A02201-1C87-4304-BB0B-E5FB3A92B529}.Release|Any CPU.Build.0 = Release|Any CPU
		{C5A02201-1C87-4304-BB0B-E5FB3A92B529}.Release|x64.ActiveCfg = Release|Any CPU
		{C5A02201-1C87-4304-BB0B-E5FB3A92B529}.Release|x64.Build.0 = Release|Any CPU
		{C61655B3-7A56-483D-8B73-432C55312E96}.Debug|Any CPU.ActiveCfg = Debug|x64
		{C61655B3-7A56-483D-8B73-432C55312E96}.Debug|Any CPU.Build.0 = Debug|x64
		{C61655B3-7A56-483D-8B73-432C55312E96}.Debug|x64.ActiveCfg = Debug|x64
		{C61655B3-7A56-483D-8B73-432C55312E96}.Release|Any CPU.ActiveCfg = Release|x64
		{C61655B3-7A56-483D-8B73-432C55312E96}.Release|Any CPU.Build.0 = Release|x64
		{C61655B3-7A56-483D-8B73-432C55312E96}.Release|x64.ActiveCfg = Release|x86
		{1EA96211-278F-4218-83AF-9035926FADCE}.Debug|Any CPU.ActiveCfg = Debug|Any CPU
		{1EA96211-278F-4218-83AF-9035926FADCE}.Debug|Any CPU.Build.0 = Debug|Any CPU
		{1EA96211-278F-4218-83AF-9035926FADCE}.Debug|x64.ActiveCfg = Debug|Any CPU
		{1EA96211-278F-4218-83AF-9035926FADCE}.Debug|x64.Build.0 = Debug|Any CPU
		{1EA96211-278F-4218-83AF-9035926FADCE}.Release|Any CPU.ActiveCfg = Release|Any CPU
		{1EA96211-278F-4218-83AF-9035926FADCE}.Release|Any CPU.Build.0 = Release|Any CPU
		{1EA96211-278F-4218-83AF-9035926FADCE}.Release|x64.ActiveCfg = Release|Any CPU
		{1EA96211-278F-4218-83AF-9035926FADCE}.Release|x64.Build.0 = Release|Any CPU
		{F3F47E1D-E2F7-4426-A55E-8F071717BE97}.Debug|Any CPU.ActiveCfg = Debug|Any CPU
		{F3F47E1D-E2F7-4426-A55E-8F071717BE97}.Debug|Any CPU.Build.0 = Debug|Any CPU
		{F3F47E1D-E2F7-4426-A55E-8F071717BE97}.Debug|x64.ActiveCfg = Debug|Any CPU
		{F3F47E1D-E2F7-4426-A55E-8F071717BE97}.Debug|x64.Build.0 = Debug|Any CPU
		{F3F47E1D-E2F7-4426-A55E-8F071717BE97}.Release|Any CPU.ActiveCfg = Release|Any CPU
		{F3F47E1D-E2F7-4426-A55E-8F071717BE97}.Release|Any CPU.Build.0 = Release|Any CPU
		{F3F47E1D-E2F7-4426-A55E-8F071717BE97}.Release|x64.ActiveCfg = Release|Any CPU
		{F3F47E1D-E2F7-4426-A55E-8F071717BE97}.Release|x64.Build.0 = Release|Any CPU
		{1E8C0E23-069D-4ADA-A51A-5EE37C37DE20}.Debug|Any CPU.ActiveCfg = Debug|Any CPU
		{1E8C0E23-069D-4ADA-A51A-5EE37C37DE20}.Debug|Any CPU.Build.0 = Debug|Any CPU
		{1E8C0E23-069D-4ADA-A51A-5EE37C37DE20}.Debug|x64.ActiveCfg = Debug|Any CPU
		{1E8C0E23-069D-4ADA-A51A-5EE37C37DE20}.Debug|x64.Build.0 = Debug|Any CPU
		{1E8C0E23-069D-4ADA-A51A-5EE37C37DE20}.Release|Any CPU.ActiveCfg = Release|Any CPU
		{1E8C0E23-069D-4ADA-A51A-5EE37C37DE20}.Release|Any CPU.Build.0 = Release|Any CPU
		{1E8C0E23-069D-4ADA-A51A-5EE37C37DE20}.Release|x64.ActiveCfg = Release|Any CPU
		{1E8C0E23-069D-4ADA-A51A-5EE37C37DE20}.Release|x64.Build.0 = Release|Any CPU
	EndGlobalSection
	GlobalSection(SolutionProperties) = preSolution
		HideSolutionNode = FALSE
	EndGlobalSection
	GlobalSection(NestedProjects) = preSolution
		{F3F3E6FA-59BC-4DB9-B389-E463DC080571} = {18C25CB3-5FBF-4D9A-8DB2-A7C5B1EB2350}
		{72145636-237F-4FBB-8D6D-1FE3FF9A9FE6} = {0880FC4F-7660-4A67-887F-E9F399CBB2FC}
		{C5A02201-1C87-4304-BB0B-E5FB3A92B529} = {0880FC4F-7660-4A67-887F-E9F399CBB2FC}
		{C61655B3-7A56-483D-8B73-432C55312E96} = {03CD0B81-6CFC-4589-8A6C-82A1F2133F75}
		{0880FC4F-7660-4A67-887F-E9F399CBB2FC} = {18C25CB3-5FBF-4D9A-8DB2-A7C5B1EB2350}
		{1EA96211-278F-4218-83AF-9035926FADCE} = {0880FC4F-7660-4A67-887F-E9F399CBB2FC}
		{F3F47E1D-E2F7-4426-A55E-8F071717BE97} = {5C7CF857-40A2-4381-9862-259AA42F3314}
		{1E8C0E23-069D-4ADA-A51A-5EE37C37DE20} = {0880FC4F-7660-4A67-887F-E9F399CBB2FC}
	EndGlobalSection
	GlobalSection(ExtensibilityGlobals) = postSolution
		SolutionGuid = {C67C9990-FD06-44D4-83D7-05382B2C12DA}
	EndGlobalSection
EndGlobal
