
Microsoft Visual Studio Solution File, Format Version 12.00
# Visual Studio Version 17
VisualStudioVersion = 17.0.31912.275
MinimumVisualStudioVersion = 10.0.40219.1
Project("{9A19103F-16F7-4668-BE54-9A1E7A4F7556}") = "Impulse.Dashboard", "Impulse.Framework\Impulse.Dashboard\Impulse.Dashboard.csproj", "{F3F3E6FA-59BC-4DB9-B389-E463DC080571}"
EndProject
Project("{9A19103F-16F7-4668-BE54-9A1E7A4F7556}") = "Impulse.Renderer", "Impulse.Framework\Impulse.Renderer\Impulse.Renderer.csproj", "{30C48D7B-4FD8-4DED-A7D3-1177E31ACBA0}"
EndProject
Project("{9A19103F-16F7-4668-BE54-9A1E7A4F7556}") = "Impulse.Shared", "Impulse.Framework\Impulse.Shared\Impulse.Shared.csproj", "{72145636-237F-4FBB-8D6D-1FE3FF9A9FE6}"
EndProject
Project("{9A19103F-16F7-4668-BE54-9A1E7A4F7556}") = "Impulse.SharedFramework", "Impulse.Framework\Impulse.SharedFramework\Impulse.SharedFramework.csproj", "{C5A02201-1C87-4304-BB0B-E5FB3A92B529}"
EndProject
Project("{9A19103F-16F7-4668-BE54-9A1E7A4F7556}") = "Impulse.Viewer", "Impulse.Framework\Impulse.Viewer\Impulse.Viewer.csproj", "{5BDA62F8-4B6F-45CD-8527-A81804028817}"
EndProject
Project("{930C7802-8A8C-48F9-8165-68863BCCD9DD}") = "Impulse.Installer", "Impulse.Framework\Impulse.Installer\Impulse.Installer.wixproj", "{C61655B3-7A56-483D-8B73-432C55312E96}"
EndProject
Project("{9A19103F-16F7-4668-BE54-9A1E7A4F7556}") = "Impulse.Mono.Viewer", "Impulse.Framework\Impulse.Mono.Viewer\Impulse.Mono.Viewer.csproj", "{8CA30FEA-24A5-4BFB-BC0E-B73921BA3805}"
EndProject
Project("{9A19103F-16F7-4668-BE54-9A1E7A4F7556}") = "Impulse.Cloud", "Impulse.Framework\Impulse.Cloud\Impulse.Cloud.csproj", "{3861841D-E6CB-4F5F-9DBB-DCD3C93BCEAC}"
EndProject
Project("{9A19103F-16F7-4668-BE54-9A1E7A4F7556}") = "Impulse.Jira", "Impulse.Framework\Impulse.Jira\Impulse.Jira.csproj", "{2C621C45-9D30-4564-93EB-02401056A947}"
EndProject
Project("{2150E333-8FDC-42A3-9474-1A3956D46DE8}") = "Impulse.Framework", "Impulse.Framework", "{18C25CB3-5FBF-4D9A-8DB2-A7C5B1EB2350}"
EndProject
Project("{2150E333-8FDC-42A3-9474-1A3956D46DE8}") = "Impulse.Installer", "Impulse.Installer", "{03CD0B81-6CFC-4589-8A6C-82A1F2133F75}"
EndProject
Project("{9A19103F-16F7-4668-BE54-9A1E7A4F7556}") = "Impulse.SFML.Viewer", "Impulse.Framework\Impulse.SFML.Viewer\Impulse.SFML.Viewer.csproj", "{9683BD4B-CBD6-4089-82B8-0EF55BB0050E}"
EndProject
Project("{9A19103F-16F7-4668-BE54-9A1E7A4F7556}") = "Impulse.Dashboard.Tests", "Impulse.Framework\Impulse.Dashboard.Tests\Impulse.Dashboard.Tests.csproj", "{4A31FEC9-EF79-4D3E-BD58-C6A3457E5093}"
EndProject
Project("{2150E333-8FDC-42A3-9474-1A3956D46DE8}") = "Impulse.Test", "Impulse.Test", "{5C7CF857-40A2-4381-9862-259AA42F3314}"
EndProject
Project("{2150E333-8FDC-42A3-9474-1A3956D46DE8}") = "Supporting", "Supporting", "{0880FC4F-7660-4A67-887F-E9F399CBB2FC}"
EndProject
Project("{9A19103F-16F7-4668-BE54-9A1E7A4F7556}") = "Impulse.Shared.UI", "Impulse.Shared.UI\Impulse.Shared.UI.csproj", "{1EA96211-278F-4218-83AF-9035926FADCE}"
EndProject
Project("{2150E333-8FDC-42A3-9474-1A3956D46DE8}") = "Solvle", "Solvle", "{E9A0D2E8-40A1-4A6B-9EC0-2974B3DF0BE2}"
EndProject
Project("{9A19103F-16F7-4668-BE54-9A1E7A4F7556}") = "Solvle.Domain", "Impulse.Framework\Solvle\Solvle.Domain\Solvle.Domain.csproj", "{8A4E2830-0415-4A8C-99F6-89C5C3521625}"
EndProject
Project("{9A19103F-16F7-4668-BE54-9A1E7A4F7556}") = "Solvle.Tests", "Impulse.Framework\Solvle\Solvle.Tests\Solvle.Tests.csproj", "{DE5AAC73-7C8E-4884-9964-1584B5203337}"
EndProject
Project("{9A19103F-16F7-4668-BE54-9A1E7A4F7556}") = "Impulse.Solvle", "Impulse.Applications\Impulse.Solvle\Impulse.Solvle\Impulse.Solvle.csproj", "{48D11EF8-CA21-4643-B8E8-EA5793649949}"
EndProject
Global
	GlobalSection(SolutionConfigurationPlatforms) = preSolution
		Debug|Any CPU = Debug|Any CPU
		Debug|x64 = Debug|x64
		Debug|x86 = Debug|x86
		Release|Any CPU = Release|Any CPU
		Release|x64 = Release|x64
		Release|x86 = Release|x86
	EndGlobalSection
	GlobalSection(ProjectConfigurationPlatforms) = postSolution
		{F3F3E6FA-59BC-4DB9-B389-E463DC080571}.Debug|Any CPU.ActiveCfg = Debug|Any CPU
		{F3F3E6FA-59BC-4DB9-B389-E463DC080571}.Debug|Any CPU.Build.0 = Debug|Any CPU
		{F3F3E6FA-59BC-4DB9-B389-E463DC080571}.Debug|x64.ActiveCfg = Debug|Any CPU
		{F3F3E6FA-59BC-4DB9-B389-E463DC080571}.Debug|x64.Build.0 = Debug|Any CPU
		{F3F3E6FA-59BC-4DB9-B389-E463DC080571}.Debug|x86.ActiveCfg = Debug|Any CPU
		{F3F3E6FA-59BC-4DB9-B389-E463DC080571}.Debug|x86.Build.0 = Debug|Any CPU
		{F3F3E6FA-59BC-4DB9-B389-E463DC080571}.Release|Any CPU.ActiveCfg = Release|Any CPU
		{F3F3E6FA-59BC-4DB9-B389-E463DC080571}.Release|Any CPU.Build.0 = Release|Any CPU
		{F3F3E6FA-59BC-4DB9-B389-E463DC080571}.Release|x64.ActiveCfg = Release|Any CPU
		{F3F3E6FA-59BC-4DB9-B389-E463DC080571}.Release|x64.Build.0 = Release|Any CPU
		{F3F3E6FA-59BC-4DB9-B389-E463DC080571}.Release|x86.ActiveCfg = Release|Any CPU
		{F3F3E6FA-59BC-4DB9-B389-E463DC080571}.Release|x86.Build.0 = Release|Any CPU
		{30C48D7B-4FD8-4DED-A7D3-1177E31ACBA0}.Debug|Any CPU.ActiveCfg = Debug|Any CPU
		{30C48D7B-4FD8-4DED-A7D3-1177E31ACBA0}.Debug|Any CPU.Build.0 = Debug|Any CPU
		{30C48D7B-4FD8-4DED-A7D3-1177E31ACBA0}.Debug|x64.ActiveCfg = Debug|Any CPU
		{30C48D7B-4FD8-4DED-A7D3-1177E31ACBA0}.Debug|x64.Build.0 = Debug|Any CPU
		{30C48D7B-4FD8-4DED-A7D3-1177E31ACBA0}.Debug|x86.ActiveCfg = Debug|Any CPU
		{30C48D7B-4FD8-4DED-A7D3-1177E31ACBA0}.Debug|x86.Build.0 = Debug|Any CPU
		{30C48D7B-4FD8-4DED-A7D3-1177E31ACBA0}.Release|Any CPU.ActiveCfg = Release|Any CPU
		{30C48D7B-4FD8-4DED-A7D3-1177E31ACBA0}.Release|Any CPU.Build.0 = Release|Any CPU
		{30C48D7B-4FD8-4DED-A7D3-1177E31ACBA0}.Release|x64.ActiveCfg = Release|Any CPU
		{30C48D7B-4FD8-4DED-A7D3-1177E31ACBA0}.Release|x64.Build.0 = Release|Any CPU
		{30C48D7B-4FD8-4DED-A7D3-1177E31ACBA0}.Release|x86.ActiveCfg = Release|Any CPU
		{30C48D7B-4FD8-4DED-A7D3-1177E31ACBA0}.Release|x86.Build.0 = Release|Any CPU
		{72145636-237F-4FBB-8D6D-1FE3FF9A9FE6}.Debug|Any CPU.ActiveCfg = Debug|Any CPU
		{72145636-237F-4FBB-8D6D-1FE3FF9A9FE6}.Debug|Any CPU.Build.0 = Debug|Any CPU
		{72145636-237F-4FBB-8D6D-1FE3FF9A9FE6}.Debug|x64.ActiveCfg = Debug|Any CPU
		{72145636-237F-4FBB-8D6D-1FE3FF9A9FE6}.Debug|x64.Build.0 = Debug|Any CPU
		{72145636-237F-4FBB-8D6D-1FE3FF9A9FE6}.Debug|x86.ActiveCfg = Debug|Any CPU
		{72145636-237F-4FBB-8D6D-1FE3FF9A9FE6}.Debug|x86.Build.0 = Debug|Any CPU
		{72145636-237F-4FBB-8D6D-1FE3FF9A9FE6}.Release|Any CPU.ActiveCfg = Release|Any CPU
		{72145636-237F-4FBB-8D6D-1FE3FF9A9FE6}.Release|Any CPU.Build.0 = Release|Any CPU
		{72145636-237F-4FBB-8D6D-1FE3FF9A9FE6}.Release|x64.ActiveCfg = Release|Any CPU
		{72145636-237F-4FBB-8D6D-1FE3FF9A9FE6}.Release|x64.Build.0 = Release|Any CPU
		{72145636-237F-4FBB-8D6D-1FE3FF9A9FE6}.Release|x86.ActiveCfg = Release|Any CPU
		{72145636-237F-4FBB-8D6D-1FE3FF9A9FE6}.Release|x86.Build.0 = Release|Any CPU
		{C5A02201-1C87-4304-BB0B-E5FB3A92B529}.Debug|Any CPU.ActiveCfg = Debug|Any CPU
		{C5A02201-1C87-4304-BB0B-E5FB3A92B529}.Debug|Any CPU.Build.0 = Debug|Any CPU
		{C5A02201-1C87-4304-BB0B-E5FB3A92B529}.Debug|x64.ActiveCfg = Debug|Any CPU
		{C5A02201-1C87-4304-BB0B-E5FB3A92B529}.Debug|x64.Build.0 = Debug|Any CPU
		{C5A02201-1C87-4304-BB0B-E5FB3A92B529}.Debug|x86.ActiveCfg = Debug|Any CPU
		{C5A02201-1C87-4304-BB0B-E5FB3A92B529}.Debug|x86.Build.0 = Debug|Any CPU
		{C5A02201-1C87-4304-BB0B-E5FB3A92B529}.Release|Any CPU.ActiveCfg = Release|Any CPU
		{C5A02201-1C87-4304-BB0B-E5FB3A92B529}.Release|Any CPU.Build.0 = Release|Any CPU
		{C5A02201-1C87-4304-BB0B-E5FB3A92B529}.Release|x64.ActiveCfg = Release|Any CPU
		{C5A02201-1C87-4304-BB0B-E5FB3A92B529}.Release|x64.Build.0 = Release|Any CPU
		{C5A02201-1C87-4304-BB0B-E5FB3A92B529}.Release|x86.ActiveCfg = Release|Any CPU
		{C5A02201-1C87-4304-BB0B-E5FB3A92B529}.Release|x86.Build.0 = Release|Any CPU
		{5BDA62F8-4B6F-45CD-8527-A81804028817}.Debug|Any CPU.ActiveCfg = Debug|Any CPU
		{5BDA62F8-4B6F-45CD-8527-A81804028817}.Debug|Any CPU.Build.0 = Debug|Any CPU
		{5BDA62F8-4B6F-45CD-8527-A81804028817}.Debug|x64.ActiveCfg = Debug|Any CPU
		{5BDA62F8-4B6F-45CD-8527-A81804028817}.Debug|x64.Build.0 = Debug|Any CPU
		{5BDA62F8-4B6F-45CD-8527-A81804028817}.Debug|x86.ActiveCfg = Debug|Any CPU
		{5BDA62F8-4B6F-45CD-8527-A81804028817}.Debug|x86.Build.0 = Debug|Any CPU
		{5BDA62F8-4B6F-45CD-8527-A81804028817}.Release|Any CPU.ActiveCfg = Release|Any CPU
		{5BDA62F8-4B6F-45CD-8527-A81804028817}.Release|Any CPU.Build.0 = Release|Any CPU
		{5BDA62F8-4B6F-45CD-8527-A81804028817}.Release|x64.ActiveCfg = Release|Any CPU
		{5BDA62F8-4B6F-45CD-8527-A81804028817}.Release|x64.Build.0 = Release|Any CPU
		{5BDA62F8-4B6F-45CD-8527-A81804028817}.Release|x86.ActiveCfg = Release|Any CPU
		{5BDA62F8-4B6F-45CD-8527-A81804028817}.Release|x86.Build.0 = Release|Any CPU
		{C61655B3-7A56-483D-8B73-432C55312E96}.Debug|Any CPU.ActiveCfg = Debug|x86
		{C61655B3-7A56-483D-8B73-432C55312E96}.Debug|x64.ActiveCfg = Debug|x86
		{C61655B3-7A56-483D-8B73-432C55312E96}.Debug|x86.ActiveCfg = Debug|x86
		{C61655B3-7A56-483D-8B73-432C55312E96}.Debug|x86.Build.0 = Debug|x86
		{C61655B3-7A56-483D-8B73-432C55312E96}.Release|Any CPU.ActiveCfg = Release|x86
		{C61655B3-7A56-483D-8B73-432C55312E96}.Release|x64.ActiveCfg = Release|x86
		{C61655B3-7A56-483D-8B73-432C55312E96}.Release|x86.ActiveCfg = Release|x86
		{C61655B3-7A56-483D-8B73-432C55312E96}.Release|x86.Build.0 = Release|x86
		{8CA30FEA-24A5-4BFB-BC0E-B73921BA3805}.Debug|Any CPU.ActiveCfg = Debug|Any CPU
		{8CA30FEA-24A5-4BFB-BC0E-B73921BA3805}.Debug|Any CPU.Build.0 = Debug|Any CPU
		{8CA30FEA-24A5-4BFB-BC0E-B73921BA3805}.Debug|x64.ActiveCfg = Debug|Any CPU
		{8CA30FEA-24A5-4BFB-BC0E-B73921BA3805}.Debug|x64.Build.0 = Debug|Any CPU
		{8CA30FEA-24A5-4BFB-BC0E-B73921BA3805}.Debug|x86.ActiveCfg = Debug|Any CPU
		{8CA30FEA-24A5-4BFB-BC0E-B73921BA3805}.Debug|x86.Build.0 = Debug|Any CPU
		{8CA30FEA-24A5-4BFB-BC0E-B73921BA3805}.Release|Any CPU.ActiveCfg = Release|Any CPU
		{8CA30FEA-24A5-4BFB-BC0E-B73921BA3805}.Release|Any CPU.Build.0 = Release|Any CPU
		{8CA30FEA-24A5-4BFB-BC0E-B73921BA3805}.Release|x64.ActiveCfg = Release|Any CPU
		{8CA30FEA-24A5-4BFB-BC0E-B73921BA3805}.Release|x64.Build.0 = Release|Any CPU
		{8CA30FEA-24A5-4BFB-BC0E-B73921BA3805}.Release|x86.ActiveCfg = Release|Any CPU
		{8CA30FEA-24A5-4BFB-BC0E-B73921BA3805}.Release|x86.Build.0 = Release|Any CPU
		{3861841D-E6CB-4F5F-9DBB-DCD3C93BCEAC}.Debug|Any CPU.ActiveCfg = Debug|Any CPU
		{3861841D-E6CB-4F5F-9DBB-DCD3C93BCEAC}.Debug|Any CPU.Build.0 = Debug|Any CPU
		{3861841D-E6CB-4F5F-9DBB-DCD3C93BCEAC}.Debug|x64.ActiveCfg = Debug|Any CPU
		{3861841D-E6CB-4F5F-9DBB-DCD3C93BCEAC}.Debug|x64.Build.0 = Debug|Any CPU
		{3861841D-E6CB-4F5F-9DBB-DCD3C93BCEAC}.Debug|x86.ActiveCfg = Debug|Any CPU
		{3861841D-E6CB-4F5F-9DBB-DCD3C93BCEAC}.Debug|x86.Build.0 = Debug|Any CPU
		{3861841D-E6CB-4F5F-9DBB-DCD3C93BCEAC}.Release|Any CPU.ActiveCfg = Release|Any CPU
		{3861841D-E6CB-4F5F-9DBB-DCD3C93BCEAC}.Release|Any CPU.Build.0 = Release|Any CPU
		{3861841D-E6CB-4F5F-9DBB-DCD3C93BCEAC}.Release|x64.ActiveCfg = Release|Any CPU
		{3861841D-E6CB-4F5F-9DBB-DCD3C93BCEAC}.Release|x64.Build.0 = Release|Any CPU
		{3861841D-E6CB-4F5F-9DBB-DCD3C93BCEAC}.Release|x86.ActiveCfg = Release|Any CPU
		{3861841D-E6CB-4F5F-9DBB-DCD3C93BCEAC}.Release|x86.Build.0 = Release|Any CPU
		{2C621C45-9D30-4564-93EB-02401056A947}.Debug|Any CPU.ActiveCfg = Debug|Any CPU
		{2C621C45-9D30-4564-93EB-02401056A947}.Debug|Any CPU.Build.0 = Debug|Any CPU
		{2C621C45-9D30-4564-93EB-02401056A947}.Debug|x64.ActiveCfg = Debug|Any CPU
		{2C621C45-9D30-4564-93EB-02401056A947}.Debug|x64.Build.0 = Debug|Any CPU
		{2C621C45-9D30-4564-93EB-02401056A947}.Debug|x86.ActiveCfg = Debug|Any CPU
		{2C621C45-9D30-4564-93EB-02401056A947}.Debug|x86.Build.0 = Debug|Any CPU
		{2C621C45-9D30-4564-93EB-02401056A947}.Release|Any CPU.ActiveCfg = Release|Any CPU
		{2C621C45-9D30-4564-93EB-02401056A947}.Release|Any CPU.Build.0 = Release|Any CPU
		{2C621C45-9D30-4564-93EB-02401056A947}.Release|x64.ActiveCfg = Release|Any CPU
		{2C621C45-9D30-4564-93EB-02401056A947}.Release|x64.Build.0 = Release|Any CPU
		{2C621C45-9D30-4564-93EB-02401056A947}.Release|x86.ActiveCfg = Release|Any CPU
		{2C621C45-9D30-4564-93EB-02401056A947}.Release|x86.Build.0 = Release|Any CPU
		{9683BD4B-CBD6-4089-82B8-0EF55BB0050E}.Debug|Any CPU.ActiveCfg = Debug|Any CPU
		{9683BD4B-CBD6-4089-82B8-0EF55BB0050E}.Debug|Any CPU.Build.0 = Debug|Any CPU
		{9683BD4B-CBD6-4089-82B8-0EF55BB0050E}.Debug|x64.ActiveCfg = Debug|Any CPU
		{9683BD4B-CBD6-4089-82B8-0EF55BB0050E}.Debug|x64.Build.0 = Debug|Any CPU
		{9683BD4B-CBD6-4089-82B8-0EF55BB0050E}.Debug|x86.ActiveCfg = Debug|Any CPU
		{9683BD4B-CBD6-4089-82B8-0EF55BB0050E}.Debug|x86.Build.0 = Debug|Any CPU
		{9683BD4B-CBD6-4089-82B8-0EF55BB0050E}.Release|Any CPU.ActiveCfg = Release|Any CPU
		{9683BD4B-CBD6-4089-82B8-0EF55BB0050E}.Release|Any CPU.Build.0 = Release|Any CPU
		{9683BD4B-CBD6-4089-82B8-0EF55BB0050E}.Release|x64.ActiveCfg = Release|Any CPU
		{9683BD4B-CBD6-4089-82B8-0EF55BB0050E}.Release|x64.Build.0 = Release|Any CPU
		{9683BD4B-CBD6-4089-82B8-0EF55BB0050E}.Release|x86.ActiveCfg = Release|Any CPU
		{9683BD4B-CBD6-4089-82B8-0EF55BB0050E}.Release|x86.Build.0 = Release|Any CPU
		{4A31FEC9-EF79-4D3E-BD58-C6A3457E5093}.Debug|Any CPU.ActiveCfg = Debug|Any CPU
		{4A31FEC9-EF79-4D3E-BD58-C6A3457E5093}.Debug|Any CPU.Build.0 = Debug|Any CPU
		{4A31FEC9-EF79-4D3E-BD58-C6A3457E5093}.Debug|x64.ActiveCfg = Debug|Any CPU
		{4A31FEC9-EF79-4D3E-BD58-C6A3457E5093}.Debug|x64.Build.0 = Debug|Any CPU
		{4A31FEC9-EF79-4D3E-BD58-C6A3457E5093}.Debug|x86.ActiveCfg = Debug|Any CPU
		{4A31FEC9-EF79-4D3E-BD58-C6A3457E5093}.Debug|x86.Build.0 = Debug|Any CPU
		{4A31FEC9-EF79-4D3E-BD58-C6A3457E5093}.Release|Any CPU.ActiveCfg = Release|Any CPU
		{4A31FEC9-EF79-4D3E-BD58-C6A3457E5093}.Release|Any CPU.Build.0 = Release|Any CPU
		{4A31FEC9-EF79-4D3E-BD58-C6A3457E5093}.Release|x64.ActiveCfg = Release|Any CPU
		{4A31FEC9-EF79-4D3E-BD58-C6A3457E5093}.Release|x64.Build.0 = Release|Any CPU
		{4A31FEC9-EF79-4D3E-BD58-C6A3457E5093}.Release|x86.ActiveCfg = Release|Any CPU
		{4A31FEC9-EF79-4D3E-BD58-C6A3457E5093}.Release|x86.Build.0 = Release|Any CPU
		{1EA96211-278F-4218-83AF-9035926FADCE}.Debug|Any CPU.ActiveCfg = Debug|Any CPU
		{1EA96211-278F-4218-83AF-9035926FADCE}.Debug|Any CPU.Build.0 = Debug|Any CPU
		{1EA96211-278F-4218-83AF-9035926FADCE}.Debug|x64.ActiveCfg = Debug|Any CPU
		{1EA96211-278F-4218-83AF-9035926FADCE}.Debug|x64.Build.0 = Debug|Any CPU
		{1EA96211-278F-4218-83AF-9035926FADCE}.Debug|x86.ActiveCfg = Debug|Any CPU
		{1EA96211-278F-4218-83AF-9035926FADCE}.Debug|x86.Build.0 = Debug|Any CPU
		{1EA96211-278F-4218-83AF-9035926FADCE}.Release|Any CPU.ActiveCfg = Release|Any CPU
		{1EA96211-278F-4218-83AF-9035926FADCE}.Release|Any CPU.Build.0 = Release|Any CPU
		{1EA96211-278F-4218-83AF-9035926FADCE}.Release|x64.ActiveCfg = Release|Any CPU
		{1EA96211-278F-4218-83AF-9035926FADCE}.Release|x64.Build.0 = Release|Any CPU
		{1EA96211-278F-4218-83AF-9035926FADCE}.Release|x86.ActiveCfg = Release|Any CPU
		{1EA96211-278F-4218-83AF-9035926FADCE}.Release|x86.Build.0 = Release|Any CPU
		{8A4E2830-0415-4A8C-99F6-89C5C3521625}.Debug|Any CPU.ActiveCfg = Debug|Any CPU
		{8A4E2830-0415-4A8C-99F6-89C5C3521625}.Debug|Any CPU.Build.0 = Debug|Any CPU
		{8A4E2830-0415-4A8C-99F6-89C5C3521625}.Debug|x64.ActiveCfg = Debug|Any CPU
		{8A4E2830-0415-4A8C-99F6-89C5C3521625}.Debug|x64.Build.0 = Debug|Any CPU
		{8A4E2830-0415-4A8C-99F6-89C5C3521625}.Debug|x86.ActiveCfg = Debug|Any CPU
		{8A4E2830-0415-4A8C-99F6-89C5C3521625}.Debug|x86.Build.0 = Debug|Any CPU
		{8A4E2830-0415-4A8C-99F6-89C5C3521625}.Release|Any CPU.ActiveCfg = Release|Any CPU
		{8A4E2830-0415-4A8C-99F6-89C5C3521625}.Release|Any CPU.Build.0 = Release|Any CPU
		{8A4E2830-0415-4A8C-99F6-89C5C3521625}.Release|x64.ActiveCfg = Release|Any CPU
		{8A4E2830-0415-4A8C-99F6-89C5C3521625}.Release|x64.Build.0 = Release|Any CPU
		{8A4E2830-0415-4A8C-99F6-89C5C3521625}.Release|x86.ActiveCfg = Release|Any CPU
		{8A4E2830-0415-4A8C-99F6-89C5C3521625}.Release|x86.Build.0 = Release|Any CPU
		{DE5AAC73-7C8E-4884-9964-1584B5203337}.Debug|Any CPU.ActiveCfg = Debug|Any CPU
		{DE5AAC73-7C8E-4884-9964-1584B5203337}.Debug|Any CPU.Build.0 = Debug|Any CPU
		{DE5AAC73-7C8E-4884-9964-1584B5203337}.Debug|x64.ActiveCfg = Debug|Any CPU
		{DE5AAC73-7C8E-4884-9964-1584B5203337}.Debug|x64.Build.0 = Debug|Any CPU
		{DE5AAC73-7C8E-4884-9964-1584B5203337}.Debug|x86.ActiveCfg = Debug|Any CPU
		{DE5AAC73-7C8E-4884-9964-1584B5203337}.Debug|x86.Build.0 = Debug|Any CPU
		{DE5AAC73-7C8E-4884-9964-1584B5203337}.Release|Any CPU.ActiveCfg = Release|Any CPU
		{DE5AAC73-7C8E-4884-9964-1584B5203337}.Release|Any CPU.Build.0 = Release|Any CPU
		{DE5AAC73-7C8E-4884-9964-1584B5203337}.Release|x64.ActiveCfg = Release|Any CPU
		{DE5AAC73-7C8E-4884-9964-1584B5203337}.Release|x64.Build.0 = Release|Any CPU
		{DE5AAC73-7C8E-4884-9964-1584B5203337}.Release|x86.ActiveCfg = Release|Any CPU
		{DE5AAC73-7C8E-4884-9964-1584B5203337}.Release|x86.Build.0 = Release|Any CPU
		{48D11EF8-CA21-4643-B8E8-EA5793649949}.Debug|Any CPU.ActiveCfg = Debug|Any CPU
		{48D11EF8-CA21-4643-B8E8-EA5793649949}.Debug|Any CPU.Build.0 = Debug|Any CPU
		{48D11EF8-CA21-4643-B8E8-EA5793649949}.Debug|x64.ActiveCfg = Debug|Any CPU
		{48D11EF8-CA21-4643-B8E8-EA5793649949}.Debug|x64.Build.0 = Debug|Any CPU
		{48D11EF8-CA21-4643-B8E8-EA5793649949}.Debug|x86.ActiveCfg = Debug|Any CPU
		{48D11EF8-CA21-4643-B8E8-EA5793649949}.Debug|x86.Build.0 = Debug|Any CPU
		{48D11EF8-CA21-4643-B8E8-EA5793649949}.Release|Any CPU.ActiveCfg = Release|Any CPU
		{48D11EF8-CA21-4643-B8E8-EA5793649949}.Release|Any CPU.Build.0 = Release|Any CPU
		{48D11EF8-CA21-4643-B8E8-EA5793649949}.Release|x64.ActiveCfg = Release|Any CPU
		{48D11EF8-CA21-4643-B8E8-EA5793649949}.Release|x64.Build.0 = Release|Any CPU
		{48D11EF8-CA21-4643-B8E8-EA5793649949}.Release|x86.ActiveCfg = Release|Any CPU
		{48D11EF8-CA21-4643-B8E8-EA5793649949}.Release|x86.Build.0 = Release|Any CPU
	EndGlobalSection
	GlobalSection(SolutionProperties) = preSolution
		HideSolutionNode = FALSE
	EndGlobalSection
	GlobalSection(NestedProjects) = preSolution
		{F3F3E6FA-59BC-4DB9-B389-E463DC080571} = {18C25CB3-5FBF-4D9A-8DB2-A7C5B1EB2350}
		{30C48D7B-4FD8-4DED-A7D3-1177E31ACBA0} = {0880FC4F-7660-4A67-887F-E9F399CBB2FC}
		{72145636-237F-4FBB-8D6D-1FE3FF9A9FE6} = {0880FC4F-7660-4A67-887F-E9F399CBB2FC}
		{C5A02201-1C87-4304-BB0B-E5FB3A92B529} = {0880FC4F-7660-4A67-887F-E9F399CBB2FC}
		{5BDA62F8-4B6F-45CD-8527-A81804028817} = {0880FC4F-7660-4A67-887F-E9F399CBB2FC}
		{C61655B3-7A56-483D-8B73-432C55312E96} = {03CD0B81-6CFC-4589-8A6C-82A1F2133F75}
		{8CA30FEA-24A5-4BFB-BC0E-B73921BA3805} = {0880FC4F-7660-4A67-887F-E9F399CBB2FC}
		{3861841D-E6CB-4F5F-9DBB-DCD3C93BCEAC} = {0880FC4F-7660-4A67-887F-E9F399CBB2FC}
		{2C621C45-9D30-4564-93EB-02401056A947} = {0880FC4F-7660-4A67-887F-E9F399CBB2FC}
		{9683BD4B-CBD6-4089-82B8-0EF55BB0050E} = {0880FC4F-7660-4A67-887F-E9F399CBB2FC}
		{4A31FEC9-EF79-4D3E-BD58-C6A3457E5093} = {5C7CF857-40A2-4381-9862-259AA42F3314}
		{0880FC4F-7660-4A67-887F-E9F399CBB2FC} = {18C25CB3-5FBF-4D9A-8DB2-A7C5B1EB2350}
		{1EA96211-278F-4218-83AF-9035926FADCE} = {0880FC4F-7660-4A67-887F-E9F399CBB2FC}
		{8A4E2830-0415-4A8C-99F6-89C5C3521625} = {E9A0D2E8-40A1-4A6B-9EC0-2974B3DF0BE2}
		{DE5AAC73-7C8E-4884-9964-1584B5203337} = {E9A0D2E8-40A1-4A6B-9EC0-2974B3DF0BE2}
		{48D11EF8-CA21-4643-B8E8-EA5793649949} = {E9A0D2E8-40A1-4A6B-9EC0-2974B3DF0BE2}
	EndGlobalSection
	GlobalSection(ExtensibilityGlobals) = postSolution
		SolutionGuid = {C67C9990-FD06-44D4-83D7-05382B2C12DA}
	EndGlobalSection
EndGlobal
